{
    "_readme": [
        "This file locks the dependencies of your project to a known state",
        "Read more about it at https://getcomposer.org/doc/01-basic-usage.md#installing-dependencies",
        "This file is @generated automatically"
    ],
    "content-hash": "4e8ad074836cfa1de767c8987cd709f4",
    "packages": [
        {
            "name": "sebastian/library",
            "version": "dev-master",
            "source": {
                "type": "git",
                "url": "https://github.com/sfaulhammer/NachUE.git",
                "reference": "8fec9d1f21062ca02e7763bb2e3695c18bdd4f77"
            },
            "dist": {
                "type": "zip",
                "url": "https://api.github.com/repos/sfaulhammer/NachUE/zipball/8fec9d1f21062ca02e7763bb2e3695c18bdd4f77",
                "reference": "8fec9d1f21062ca02e7763bb2e3695c18bdd4f77",
                "shasum": ""
            },
            "type": "library",
            "autoload": {
                "psr-4": {
                    "sfaulhammer\baelle": "library"
                }
            },
            "license": [
                "GNU"
            ],
            "authors": [
                {
                    "name": "sfaulhammer",
                    "email": "s.faulhammer@gmx.at"
                }
            ],
            "description": "The Library for the balls",
            "support": {
                "source": "https://github.com/sfaulhammer/NachUE/tree/master",
                "issues": "https://github.com/sfaulhammer/NachUE/issues"
            },
            "time": "2018-05-07T20:53:40+00:00"
        }
    ],
    "packages-dev": [],
    "aliases": [],
    "minimum-stability": "stable",
    "stability-flags": {
        "sebastian/library": 20
    },
    "prefer-stable": false,
    "prefer-lowest": false,
    "platform": [],
    "platform-dev": []
}
